<?xml version="1.0" encoding="UTF-8"?>
<Project ToolsVersion="14.0" xmlns="http://schemas.microsoft.com/developer/msbuild/2003">
  <ItemGroup>
    <ClCompile Include="F:\github\NetFlex\sources\http\client.cpp">
      <Filter>Source Files</Filter>
    </ClCompile>
    <ClCompile Include="F:\github\NetFlex\sources\http\header.cpp">
      <Filter>Source Files</Filter>
    </ClCompile>
    <ClCompile Include="F:\github\NetFlex\sources\http\method.cpp">
      <Filter>Source Files</Filter>
    </ClCompile>
    <ClCompile Include="F:\github\NetFlex\sources\http\request.cpp">
      <Filter>Source Files</Filter>
    </ClCompile>
    <ClCompile Include="F:\github\NetFlex\sources\http\response.cpp">
      <Filter>Source Files</Filter>
    </ClCompile>
    <ClCompile Include="F:\github\NetFlex\sources\http\server.cpp">
      <Filter>Source Files</Filter>
    </ClCompile>
    <ClCompile Include="F:\github\NetFlex\sources\misc\logger.cpp">
      <Filter>Source Files</Filter>
    </ClCompile>
    <ClCompile Include="F:\github\NetFlex\sources\misc\output.cpp">
      <Filter>Source Files</Filter>
    </ClCompile>
    <ClCompile Include="F:\github\NetFlex\sources\parsing\header_field_parser.cpp">
      <Filter>Source Files</Filter>
    </ClCompile>
    <ClCompile Include="F:\github\NetFlex\sources\parsing\header_fields_parser.cpp">
      <Filter>Source Files</Filter>
    </ClCompile>
    <ClCompile Include="F:\github\NetFlex\sources\parsing\message_body_chuncked_parser.cpp">
      <Filter>Source Files</Filter>
    </ClCompile>
    <ClCompile Include="F:\github\NetFlex\sources\parsing\message_body_compress_parser.cpp">
      <Filter>Source Files</Filter>
    </ClCompile>
    <ClCompile Include="F:\github\NetFlex\sources\parsing\message_body_content_length_parser.cpp">
      <Filter>Source Files</Filter>
    </ClCompile>
    <ClCompile Include="F:\github\NetFlex\sources\parsing\message_body_deflate_parser.cpp">
      <Filter>Source Files</Filter>
    </ClCompile>
    <ClCompile Include="F:\github\NetFlex\sources\parsing\message_body_gzip_parser.cpp">
      <Filter>Source Files</Filter>
    </ClCompile>
    <ClCompile Include="F:\github\NetFlex\sources\parsing\message_body_parser.cpp">
      <Filter>Source Files</Filter>
    </ClCompile>
    <ClCompile Include="F:\github\NetFlex\sources\parsing\parser_iface.cpp">
      <Filter>Source Files</Filter>
    </ClCompile>
    <ClCompile Include="F:\github\NetFlex\sources\parsing\parsers_factory.cpp">
      <Filter>Source Files</Filter>
    </ClCompile>
    <ClCompile Include="F:\github\NetFlex\sources\parsing\request_parser.cpp">
      <Filter>Source Files</Filter>
    </ClCompile>
    <ClCompile Include="F:\github\NetFlex\sources\parsing\start_line_parser.cpp">
      <Filter>Source Files</Filter>
    </ClCompile>
    <ClCompile Include="F:\github\NetFlex\sources\parsing\utils.cpp">
      <Filter>Source Files</Filter>
    </ClCompile>
    <ClCompile Include="F:\github\NetFlex\sources\routing\middleware_chain.cpp">
      <Filter>Source Files</Filter>
    </ClCompile>
    <ClCompile Include="F:\github\NetFlex\sources\routing\route.cpp">
      <Filter>Source Files</Filter>
    </ClCompile>
    <ClCompile Include="F:\github\NetFlex\sources\routing\route_matcher.cpp">
      <Filter>Source Files</Filter>
    </ClCompile>
    <ClCompile Include="F:\github\NetFlex\tacopie\sources\network\io_service.cpp">
      <Filter>Source Files</Filter>
    </ClCompile>
    <ClCompile Include="F:\github\NetFlex\tacopie\sources\network\tcp_client.cpp">
      <Filter>Source Files</Filter>
    </ClCompile>
    <ClCompile Include="F:\github\NetFlex\tacopie\sources\network\tcp_server.cpp">
      <Filter>Source Files</Filter>
    </ClCompile>
    <ClCompile Include="F:\github\NetFlex\tacopie\sources\network\common\tcp_socket.cpp">
      <Filter>Source Files</Filter>
    </ClCompile>
    <ClCompile Include="F:\github\NetFlex\tacopie\sources\utils\error.cpp">
      <Filter>Source Files</Filter>
    </ClCompile>
    <ClCompile Include="F:\github\NetFlex\tacopie\sources\utils\logger.cpp">
      <Filter>Source Files</Filter>
    </ClCompile>
    <ClCompile Include="F:\github\NetFlex\tacopie\sources\utils\thread_pool.cpp">
      <Filter>Source Files</Filter>
    </ClCompile>
    <ClCompile Include="F:\github\NetFlex\tacopie\sources\network\windows\windows_self_pipe.cpp">
      <Filter>Source Files</Filter>
    </ClCompile>
    <ClCompile Include="F:\github\NetFlex\tacopie\sources\network\windows\windows_tcp_socket.cpp">
      <Filter>Source Files</Filter>
    </ClCompile>
  </ItemGroup>
  <ItemGroup>
    <ClInclude Include="F:\github\NetFlex\includes\netflex\http\client.hpp">
      <Filter>Header Files</Filter>
    </ClInclude>
    <ClInclude Include="F:\github\NetFlex\includes\netflex\http\header.hpp">
      <Filter>Header Files</Filter>
    </ClInclude>
    <ClInclude Include="F:\github\NetFlex\includes\netflex\http\method.hpp">
      <Filter>Header Files</Filter>
    </ClInclude>
    <ClInclude Include="F:\github\NetFlex\includes\netflex\http\request.hpp">
      <Filter>Header Files</Filter>
    </ClInclude>
    <ClInclude Include="F:\github\NetFlex\includes\netflex\http\response.hpp">
      <Filter>Header Files</Filter>
    </ClInclude>
    <ClInclude Include="F:\github\NetFlex\includes\netflex\http\server.hpp">
      <Filter>Header Files</Filter>
    </ClInclude>
    <ClInclude Include="F:\github\NetFlex\includes\netflex\misc\error.hpp">
      <Filter>Header Files</Filter>
    </ClInclude>
    <ClInclude Include="F:\github\NetFlex\includes\netflex\misc\logger.hpp">
      <Filter>Header Files</Filter>
    </ClInclude>
    <ClInclude Include="F:\github\NetFlex\includes\netflex\misc\output.hpp">
      <Filter>Header Files</Filter>
    </ClInclude>
    <ClInclude Include="F:\github\NetFlex\includes\netflex\parsing\header_field_parser.hpp">
      <Filter>Header Files</Filter>
    </ClInclude>
    <ClInclude Include="F:\github\NetFlex\includes\netflex\parsing\header_fields_parser.hpp">
      <Filter>Header Files</Filter>
    </ClInclude>
    <ClInclude Include="F:\github\NetFlex\includes\netflex\parsing\message_body_chuncked_parser.hpp">
      <Filter>Header Files</Filter>
    </ClInclude>
    <ClInclude Include="F:\github\NetFlex\includes\netflex\parsing\message_body_compress_parser.hpp">
      <Filter>Header Files</Filter>
    </ClInclude>
    <ClInclude Include="F:\github\NetFlex\includes\netflex\parsing\message_body_content_length_parser.hpp">
      <Filter>Header Files</Filter>
    </ClInclude>
    <ClInclude Include="F:\github\NetFlex\includes\netflex\parsing\message_body_deflate_parser.hpp">
      <Filter>Header Files</Filter>
    </ClInclude>
    <ClInclude Include="F:\github\NetFlex\includes\netflex\parsing\message_body_gzip_parser.hpp">
      <Filter>Header Files</Filter>
    </ClInclude>
    <ClInclude Include="F:\github\NetFlex\includes\netflex\parsing\message_body_parser.hpp">
      <Filter>Header Files</Filter>
    </ClInclude>
    <ClInclude Include="F:\github\NetFlex\includes\netflex\parsing\parser_iface.hpp">
      <Filter>Header Files</Filter>
    </ClInclude>
    <ClInclude Include="F:\github\NetFlex\includes\netflex\parsing\parsers_factory.hpp">
      <Filter>Header Files</Filter>
    </ClInclude>
    <ClInclude Include="F:\github\NetFlex\includes\netflex\parsing\request_parser.hpp">
      <Filter>Header Files</Filter>
    </ClInclude>
    <ClInclude Include="F:\github\NetFlex\includes\netflex\parsing\start_line_parser.hpp">
      <Filter>Header Files</Filter>
    </ClInclude>
    <ClInclude Include="F:\github\NetFlex\includes\netflex\parsing\utils.hpp">
      <Filter>Header Files</Filter>
    </ClInclude>
    <ClInclude Include="F:\github\NetFlex\includes\netflex\routing\middleware_chain.hpp">
      <Filter>Header Files</Filter>
    </ClInclude>
    <ClInclude Include="F:\github\NetFlex\includes\netflex\routing\params.hpp">
      <Filter>Header Files</Filter>
    </ClInclude>
    <ClInclude Include="F:\github\NetFlex\includes\netflex\routing\route.hpp">
      <Filter>Header Files</Filter>
    </ClInclude>
    <ClInclude Include="F:\github\NetFlex\includes\netflex\routing\route_matcher.hpp">
      <Filter>Header Files</Filter>
    </ClInclude>
    <ClInclude Include="F:\github\NetFlex\tacopie\includes\tacopie\network\io_service.hpp">
      <Filter>Header Files</Filter>
    </ClInclude>
    <ClInclude Include="F:\github\NetFlex\tacopie\includes\tacopie\network\self_pipe.hpp">
      <Filter>Header Files</Filter>
    </ClInclude>
    <ClInclude Include="F:\github\NetFlex\tacopie\includes\tacopie\network\tcp_client.hpp">
      <Filter>Header Files</Filter>
    </ClInclude>
    <ClInclude Include="F:\github\NetFlex\tacopie\includes\tacopie\network\tcp_server.hpp">
      <Filter>Header Files</Filter>
    </ClInclude>
    <ClInclude Include="F:\github\NetFlex\tacopie\includes\tacopie\network\tcp_socket.hpp">
      <Filter>Header Files</Filter>
    </ClInclude>
    <ClInclude Include="F:\github\NetFlex\tacopie\includes\tacopie\utils\error.hpp">
      <Filter>Header Files</Filter>
    </ClInclude>
    <ClInclude Include="F:\github\NetFlex\tacopie\includes\tacopie\utils\logger.hpp">
      <Filter>Header Files</Filter>
    </ClInclude>
    <ClInclude Include="F:\github\NetFlex\tacopie\includes\tacopie\utils\thread_pool.hpp">
      <Filter>Header Files</Filter>
    </ClInclude>
    <ClInclude Include="F:\github\NetFlex\tacopie\includes\tacopie\utils\typedefs.hpp">
      <Filter>Header Files</Filter>
    </ClInclude>
  </ItemGroup>
  <ItemGroup>
    <CustomBuild Include="F:\github\NetFlex\tacopie\CMakeLists.txt" />
  </ItemGroup>
  <ItemGroup>
    <Filter Include="Source Files">
      <UniqueIdentifier>{0A39A166-1CA4-373C-992B-F74AA7ABD32C}</UniqueIdentifier>
    </Filter>
    <Filter Include="Header Files">
      <UniqueIdentifier>{7A5A393C-AF98-3BAB-9F54-D104DE0DA219}</UniqueIdentifier>
    </Filter>
  </ItemGroup>
</Project>
